
Microsoft Visual Studio Solution File, Format Version 12.00
# Visual Studio Version 17
VisualStudioVersion = 17.11.35303.130
MinimumVisualStudioVersion = 10.0.40219.1
Project("{8BC9CEB8-8B4A-11D0-8D11-00A0C91BC942}") = "Lab_4(PDC)", "Lab_4(PDC)\Lab_4(PDC).vcxproj", "{5B1955B9-500D-454B-9F0A-EAAEE7E5B1C3}"
EndProject
Project("{8BC9CEB8-8B4A-11D0-8D11-00A0C91BC942}") = "UnitTest1", "UnitTest1\UnitTest1.vcxproj", "{D84AA2E4-5DFE-4FF5-94EB-E236DBE9144E}"
EndProject
Global
	GlobalSection(SolutionConfigurationPlatforms) = preSolution
		Debug|x64 = Debug|x64
		Debug|x86 = Debug|x86
		Release|x64 = Release|x64
		Release|x86 = Release|x86
	EndGlobalSection
	GlobalSection(ProjectConfigurationPlatforms) = postSolution
		{5B1955B9-500D-454B-9F0A-EAAEE7E5B1C3}.Debug|x64.ActiveCfg = Debug|x64
		{5B1955B9-500D-454B-9F0A-EAAEE7E5B1C3}.Debug|x64.Build.0 = Debug|x64
		{5B1955B9-500D-454B-9F0A-EAAEE7E5B1C3}.Debug|x86.ActiveCfg = Debug|Win32
		{5B1955B9-500D-454B-9F0A-EAAEE7E5B1C3}.Debug|x86.Build.0 = Debug|Win32
		{5B1955B9-500D-454B-9F0A-EAAEE7E5B1C3}.Release|x64.ActiveCfg = Release|x64
		{5B1955B9-500D-454B-9F0A-EAAEE7E5B1C3}.Release|x64.Build.0 = Release|x64
		{5B1955B9-500D-454B-9F0A-EAAEE7E5B1C3}.Release|x86.ActiveCfg = Release|Win32
		{5B1955B9-500D-454B-9F0A-EAAEE7E5B1C3}.Release|x86.Build.0 = Release|Win32
		{D84AA2E4-5DFE-4FF5-94EB-E236DBE9144E}.Debug|x64.ActiveCfg = Debug|x64
		{D84AA2E4-5DFE-4FF5-94EB-E236DBE9144E}.Debug|x64.Build.0 = Debug|x64
		{D84AA2E4-5DFE-4FF5-94EB-E236DBE9144E}.Debug|x86.ActiveCfg = Debug|Win32
		{D84AA2E4-5DFE-4FF5-94EB-E236DBE9144E}.Debug|x86.Build.0 = Debug|Win32
		{D84AA2E4-5DFE-4FF5-94EB-E236DBE9144E}.Release|x64.ActiveCfg = Release|x64
		{D84AA2E4-5DFE-4FF5-94EB-E236DBE9144E}.Release|x64.Build.0 = Release|x64
		{D84AA2E4-5DFE-4FF5-94EB-E236DBE9144E}.Release|x86.ActiveCfg = Release|Win32
		{D84AA2E4-5DFE-4FF5-94EB-E236DBE9144E}.Release|x86.Build.0 = Release|Win32
	EndGlobalSection
	GlobalSection(SolutionProperties) = preSolution
		HideSolutionNode = FALSE
	EndGlobalSection
	GlobalSection(ExtensibilityGlobals) = postSolution
		SolutionGuid = {AF4D28DC-1E31-4730-BE40-436AD8B031ED}
	EndGlobalSection
EndGlobal
