
Microsoft Visual Studio Solution File, Format Version 12.00
# Visual Studio Version 17
VisualStudioVersion = 17.11.35327.3
MinimumVisualStudioVersion = 10.0.40219.1
Project("{8BC9CEB8-8B4A-11D0-8D11-00A0C91BC942}") = "Lab_5(OOP)", "Lab_5(OOP)\Lab_5(OOP).vcxproj", "{1969CD4E-0654-4A93-9D1E-415F495DE60D}"
EndProject
Global
	GlobalSection(SolutionConfigurationPlatforms) = preSolution
		Debug|x64 = Debug|x64
		Debug|x86 = Debug|x86
		Release|x64 = Release|x64
		Release|x86 = Release|x86
	EndGlobalSection
	GlobalSection(ProjectConfigurationPlatforms) = postSolution
		{1969CD4E-0654-4A93-9D1E-415F495DE60D}.Debug|x64.ActiveCfg = Debug|x64
		{1969CD4E-0654-4A93-9D1E-415F495DE60D}.Debug|x64.Build.0 = Debug|x64
		{1969CD4E-0654-4A93-9D1E-415F495DE60D}.Debug|x86.ActiveCfg = Debug|Win32
		{1969CD4E-0654-4A93-9D1E-415F495DE60D}.Debug|x86.Build.0 = Debug|Win32
		{1969CD4E-0654-4A93-9D1E-415F495DE60D}.Release|x64.ActiveCfg = Release|x64
		{1969CD4E-0654-4A93-9D1E-415F495DE60D}.Release|x64.Build.0 = Release|x64
		{1969CD4E-0654-4A93-9D1E-415F495DE60D}.Release|x86.ActiveCfg = Release|Win32
		{1969CD4E-0654-4A93-9D1E-415F495DE60D}.Release|x86.Build.0 = Release|Win32
	EndGlobalSection
	GlobalSection(SolutionProperties) = preSolution
		HideSolutionNode = FALSE
	EndGlobalSection
	GlobalSection(ExtensibilityGlobals) = postSolution
		SolutionGuid = {CF809DD1-2D05-4E90-A60C-3FA07F34D5E4}
	EndGlobalSection
EndGlobal
