
Microsoft Visual Studio Solution File, Format Version 12.00
# Visual Studio Version 17
VisualStudioVersion = 17.11.35327.3
MinimumVisualStudioVersion = 10.0.40219.1
Project("{8BC9CEB8-8B4A-11D0-8D11-00A0C91BC942}") = "Lab_10(PDC)", "Lab_10(PDC)\Lab_10(PDC).vcxproj", "{F05E3DBE-799C-45F9-8831-A8E08CAF5B52}"
EndProject
Project("{8BC9CEB8-8B4A-11D0-8D11-00A0C91BC942}") = "UnitTest1", "UnitTest1\UnitTest1.vcxproj", "{974CCC6A-D934-4083-9513-4FC14DC62173}"
EndProject
Global
	GlobalSection(SolutionConfigurationPlatforms) = preSolution
		Debug|x64 = Debug|x64
		Debug|x86 = Debug|x86
		Release|x64 = Release|x64
		Release|x86 = Release|x86
	EndGlobalSection
	GlobalSection(ProjectConfigurationPlatforms) = postSolution
		{F05E3DBE-799C-45F9-8831-A8E08CAF5B52}.Debug|x64.ActiveCfg = Debug|x64
		{F05E3DBE-799C-45F9-8831-A8E08CAF5B52}.Debug|x64.Build.0 = Debug|x64
		{F05E3DBE-799C-45F9-8831-A8E08CAF5B52}.Debug|x86.ActiveCfg = Debug|Win32
		{F05E3DBE-799C-45F9-8831-A8E08CAF5B52}.Debug|x86.Build.0 = Debug|Win32
		{F05E3DBE-799C-45F9-8831-A8E08CAF5B52}.Release|x64.ActiveCfg = Release|x64
		{F05E3DBE-799C-45F9-8831-A8E08CAF5B52}.Release|x64.Build.0 = Release|x64
		{F05E3DBE-799C-45F9-8831-A8E08CAF5B52}.Release|x86.ActiveCfg = Release|Win32
		{F05E3DBE-799C-45F9-8831-A8E08CAF5B52}.Release|x86.Build.0 = Release|Win32
		{974CCC6A-D934-4083-9513-4FC14DC62173}.Debug|x64.ActiveCfg = Debug|x64
		{974CCC6A-D934-4083-9513-4FC14DC62173}.Debug|x64.Build.0 = Debug|x64
		{974CCC6A-D934-4083-9513-4FC14DC62173}.Debug|x86.ActiveCfg = Debug|Win32
		{974CCC6A-D934-4083-9513-4FC14DC62173}.Debug|x86.Build.0 = Debug|Win32
		{974CCC6A-D934-4083-9513-4FC14DC62173}.Release|x64.ActiveCfg = Release|x64
		{974CCC6A-D934-4083-9513-4FC14DC62173}.Release|x64.Build.0 = Release|x64
		{974CCC6A-D934-4083-9513-4FC14DC62173}.Release|x86.ActiveCfg = Release|Win32
		{974CCC6A-D934-4083-9513-4FC14DC62173}.Release|x86.Build.0 = Release|Win32
	EndGlobalSection
	GlobalSection(SolutionProperties) = preSolution
		HideSolutionNode = FALSE
	EndGlobalSection
	GlobalSection(ExtensibilityGlobals) = postSolution
		SolutionGuid = {AC04B657-8725-4FE2-AB52-42E97290FB75}
	EndGlobalSection
EndGlobal
