
Microsoft Visual Studio Solution File, Format Version 12.00
# Visual Studio Version 17
VisualStudioVersion = 17.7.34024.191
MinimumVisualStudioVersion = 10.0.40219.1
Project("{8BC9CEB8-8B4A-11D0-8D11-00A0C91BC942}") = "Lab10_3", "Lab10_3\Lab10_3.vcxproj", "{CF1A1AFD-3BCC-4BCE-AC1D-E43F5A23A706}"
EndProject
Project("{8BC9CEB8-8B4A-11D0-8D11-00A0C91BC942}") = "UnitTest1", "UnitTest1\UnitTest1.vcxproj", "{FDACC280-376F-44E5-879D-4D1AFB851688}"
EndProject
Global
	GlobalSection(SolutionConfigurationPlatforms) = preSolution
		Debug|x64 = Debug|x64
		Debug|x86 = Debug|x86
		Release|x64 = Release|x64
		Release|x86 = Release|x86
	EndGlobalSection
	GlobalSection(ProjectConfigurationPlatforms) = postSolution
		{CF1A1AFD-3BCC-4BCE-AC1D-E43F5A23A706}.Debug|x64.ActiveCfg = Debug|x64
		{CF1A1AFD-3BCC-4BCE-AC1D-E43F5A23A706}.Debug|x64.Build.0 = Debug|x64
		{CF1A1AFD-3BCC-4BCE-AC1D-E43F5A23A706}.Debug|x86.ActiveCfg = Debug|Win32
		{CF1A1AFD-3BCC-4BCE-AC1D-E43F5A23A706}.Debug|x86.Build.0 = Debug|Win32
		{CF1A1AFD-3BCC-4BCE-AC1D-E43F5A23A706}.Release|x64.ActiveCfg = Release|x64
		{CF1A1AFD-3BCC-4BCE-AC1D-E43F5A23A706}.Release|x64.Build.0 = Release|x64
		{CF1A1AFD-3BCC-4BCE-AC1D-E43F5A23A706}.Release|x86.ActiveCfg = Release|Win32
		{CF1A1AFD-3BCC-4BCE-AC1D-E43F5A23A706}.Release|x86.Build.0 = Release|Win32
		{FDACC280-376F-44E5-879D-4D1AFB851688}.Debug|x64.ActiveCfg = Debug|x64
		{FDACC280-376F-44E5-879D-4D1AFB851688}.Debug|x64.Build.0 = Debug|x64
		{FDACC280-376F-44E5-879D-4D1AFB851688}.Debug|x86.ActiveCfg = Debug|Win32
		{FDACC280-376F-44E5-879D-4D1AFB851688}.Debug|x86.Build.0 = Debug|Win32
		{FDACC280-376F-44E5-879D-4D1AFB851688}.Release|x64.ActiveCfg = Release|x64
		{FDACC280-376F-44E5-879D-4D1AFB851688}.Release|x64.Build.0 = Release|x64
		{FDACC280-376F-44E5-879D-4D1AFB851688}.Release|x86.ActiveCfg = Release|Win32
		{FDACC280-376F-44E5-879D-4D1AFB851688}.Release|x86.Build.0 = Release|Win32
	EndGlobalSection
	GlobalSection(SolutionProperties) = preSolution
		HideSolutionNode = FALSE
	EndGlobalSection
	GlobalSection(ExtensibilityGlobals) = postSolution
		SolutionGuid = {B4E37964-A2CB-4117-827E-365C7657D80E}
	EndGlobalSection
EndGlobal
