
Microsoft Visual Studio Solution File, Format Version 12.00
# Visual Studio Version 17
VisualStudioVersion = 17.7.34024.191
MinimumVisualStudioVersion = 10.0.40219.1
Project("{8BC9CEB8-8B4A-11D0-8D11-00A0C91BC942}") = "Lab7_3REC", "Lab7_3REC\Lab7_3REC.vcxproj", "{BB6D7C74-CA4D-4AD6-B333-D9413DEE30CC}"
EndProject
Project("{8BC9CEB8-8B4A-11D0-8D11-00A0C91BC942}") = "UnitTest", "UnitTest\UnitTest.vcxproj", "{A1B4B66E-AFEC-46EC-870F-72146D69482E}"
EndProject
Global
	GlobalSection(SolutionConfigurationPlatforms) = preSolution
		Debug|x64 = Debug|x64
		Debug|x86 = Debug|x86
		Release|x64 = Release|x64
		Release|x86 = Release|x86
	EndGlobalSection
	GlobalSection(ProjectConfigurationPlatforms) = postSolution
		{BB6D7C74-CA4D-4AD6-B333-D9413DEE30CC}.Debug|x64.ActiveCfg = Debug|x64
		{BB6D7C74-CA4D-4AD6-B333-D9413DEE30CC}.Debug|x64.Build.0 = Debug|x64
		{BB6D7C74-CA4D-4AD6-B333-D9413DEE30CC}.Debug|x86.ActiveCfg = Debug|Win32
		{BB6D7C74-CA4D-4AD6-B333-D9413DEE30CC}.Debug|x86.Build.0 = Debug|Win32
		{BB6D7C74-CA4D-4AD6-B333-D9413DEE30CC}.Release|x64.ActiveCfg = Release|x64
		{BB6D7C74-CA4D-4AD6-B333-D9413DEE30CC}.Release|x64.Build.0 = Release|x64
		{BB6D7C74-CA4D-4AD6-B333-D9413DEE30CC}.Release|x86.ActiveCfg = Release|Win32
		{BB6D7C74-CA4D-4AD6-B333-D9413DEE30CC}.Release|x86.Build.0 = Release|Win32
		{A1B4B66E-AFEC-46EC-870F-72146D69482E}.Debug|x64.ActiveCfg = Debug|x64
		{A1B4B66E-AFEC-46EC-870F-72146D69482E}.Debug|x64.Build.0 = Debug|x64
		{A1B4B66E-AFEC-46EC-870F-72146D69482E}.Debug|x86.ActiveCfg = Debug|Win32
		{A1B4B66E-AFEC-46EC-870F-72146D69482E}.Debug|x86.Build.0 = Debug|Win32
		{A1B4B66E-AFEC-46EC-870F-72146D69482E}.Release|x64.ActiveCfg = Release|x64
		{A1B4B66E-AFEC-46EC-870F-72146D69482E}.Release|x64.Build.0 = Release|x64
		{A1B4B66E-AFEC-46EC-870F-72146D69482E}.Release|x86.ActiveCfg = Release|Win32
		{A1B4B66E-AFEC-46EC-870F-72146D69482E}.Release|x86.Build.0 = Release|Win32
	EndGlobalSection
	GlobalSection(SolutionProperties) = preSolution
		HideSolutionNode = FALSE
	EndGlobalSection
	GlobalSection(ExtensibilityGlobals) = postSolution
		SolutionGuid = {7D487106-7A6E-4DC2-B58E-3C02AC63FA28}
	EndGlobalSection
EndGlobal
