
Microsoft Visual Studio Solution File, Format Version 12.00
# Visual Studio Version 17
VisualStudioVersion = 17.11.35327.3
MinimumVisualStudioVersion = 10.0.40219.1
Project("{8BC9CEB8-8B4A-11D0-8D11-00A0C91BC942}") = "Lab_5(PDC)", "Lab_5(PDC)\Lab_5(PDC).vcxproj", "{8F5078E0-BB20-448A-AF01-EABF5C11B560}"
EndProject
Project("{8BC9CEB8-8B4A-11D0-8D11-00A0C91BC942}") = "UnitTest1", "UnitTest1\UnitTest1.vcxproj", "{16D9CD70-8E95-44AE-B110-618C1FD6B860}"
EndProject
Global
	GlobalSection(SolutionConfigurationPlatforms) = preSolution
		Debug|x64 = Debug|x64
		Debug|x86 = Debug|x86
		Release|x64 = Release|x64
		Release|x86 = Release|x86
	EndGlobalSection
	GlobalSection(ProjectConfigurationPlatforms) = postSolution
		{8F5078E0-BB20-448A-AF01-EABF5C11B560}.Debug|x64.ActiveCfg = Debug|x64
		{8F5078E0-BB20-448A-AF01-EABF5C11B560}.Debug|x64.Build.0 = Debug|x64
		{8F5078E0-BB20-448A-AF01-EABF5C11B560}.Debug|x86.ActiveCfg = Debug|Win32
		{8F5078E0-BB20-448A-AF01-EABF5C11B560}.Debug|x86.Build.0 = Debug|Win32
		{8F5078E0-BB20-448A-AF01-EABF5C11B560}.Release|x64.ActiveCfg = Release|x64
		{8F5078E0-BB20-448A-AF01-EABF5C11B560}.Release|x64.Build.0 = Release|x64
		{8F5078E0-BB20-448A-AF01-EABF5C11B560}.Release|x86.ActiveCfg = Release|Win32
		{8F5078E0-BB20-448A-AF01-EABF5C11B560}.Release|x86.Build.0 = Release|Win32
		{16D9CD70-8E95-44AE-B110-618C1FD6B860}.Debug|x64.ActiveCfg = Debug|x64
		{16D9CD70-8E95-44AE-B110-618C1FD6B860}.Debug|x64.Build.0 = Debug|x64
		{16D9CD70-8E95-44AE-B110-618C1FD6B860}.Debug|x86.ActiveCfg = Debug|Win32
		{16D9CD70-8E95-44AE-B110-618C1FD6B860}.Debug|x86.Build.0 = Debug|Win32
		{16D9CD70-8E95-44AE-B110-618C1FD6B860}.Release|x64.ActiveCfg = Release|x64
		{16D9CD70-8E95-44AE-B110-618C1FD6B860}.Release|x64.Build.0 = Release|x64
		{16D9CD70-8E95-44AE-B110-618C1FD6B860}.Release|x86.ActiveCfg = Release|Win32
		{16D9CD70-8E95-44AE-B110-618C1FD6B860}.Release|x86.Build.0 = Release|Win32
	EndGlobalSection
	GlobalSection(SolutionProperties) = preSolution
		HideSolutionNode = FALSE
	EndGlobalSection
	GlobalSection(ExtensibilityGlobals) = postSolution
		SolutionGuid = {7619042A-FA5A-4A41-A88D-86528D2BC35A}
	EndGlobalSection
EndGlobal
