
Microsoft Visual Studio Solution File, Format Version 12.00
# Visual Studio Version 17
VisualStudioVersion = 17.11.35327.3
MinimumVisualStudioVersion = 10.0.40219.1
Project("{8BC9CEB8-8B4A-11D0-8D11-00A0C91BC942}") = "Lab_10(OOP)", "Lab_10(OOP)\Lab_10(OOP).vcxproj", "{034EBA62-EA64-4FC8-9161-6AABDB6FBDF3}"
EndProject
Global
	GlobalSection(SolutionConfigurationPlatforms) = preSolution
		Debug|x64 = Debug|x64
		Debug|x86 = Debug|x86
		Release|x64 = Release|x64
		Release|x86 = Release|x86
	EndGlobalSection
	GlobalSection(ProjectConfigurationPlatforms) = postSolution
		{034EBA62-EA64-4FC8-9161-6AABDB6FBDF3}.Debug|x64.ActiveCfg = Debug|x64
		{034EBA62-EA64-4FC8-9161-6AABDB6FBDF3}.Debug|x64.Build.0 = Debug|x64
		{034EBA62-EA64-4FC8-9161-6AABDB6FBDF3}.Debug|x86.ActiveCfg = Debug|Win32
		{034EBA62-EA64-4FC8-9161-6AABDB6FBDF3}.Debug|x86.Build.0 = Debug|Win32
		{034EBA62-EA64-4FC8-9161-6AABDB6FBDF3}.Release|x64.ActiveCfg = Release|x64
		{034EBA62-EA64-4FC8-9161-6AABDB6FBDF3}.Release|x64.Build.0 = Release|x64
		{034EBA62-EA64-4FC8-9161-6AABDB6FBDF3}.Release|x86.ActiveCfg = Release|Win32
		{034EBA62-EA64-4FC8-9161-6AABDB6FBDF3}.Release|x86.Build.0 = Release|Win32
	EndGlobalSection
	GlobalSection(SolutionProperties) = preSolution
		HideSolutionNode = FALSE
	EndGlobalSection
	GlobalSection(ExtensibilityGlobals) = postSolution
		SolutionGuid = {7461717F-0D8A-4F6A-B432-4C4163C8B704}
	EndGlobalSection
EndGlobal
